
Microsoft Visual Studio Solution File, Format Version 12.00
Project("{FAE04EC0-301F-11D3-BF4B-00C04F79EFBC}") = "Work1", "Work1\Work1.csproj", "{3BBF9496-2007-4E94-96C1-CC6BA959DB94}"
EndProject
Global
	GlobalSection(SolutionConfigurationPlatforms) = preSolution
		Debug|Any CPU = Debug|Any CPU
		Release|Any CPU = Release|Any CPU
	EndGlobalSection
	GlobalSection(ProjectConfigurationPlatforms) = postSolution
		{3BBF9496-2007-4E94-96C1-CC6BA959DB94}.Debug|Any CPU.ActiveCfg = Debug|Any CPU
		{3BBF9496-2007-4E94-96C1-CC6BA959DB94}.Debug|Any CPU.Build.0 = Debug|Any CPU
		{3BBF9496-2007-4E94-96C1-CC6BA959DB94}.Release|Any CPU.ActiveCfg = Release|Any CPU
		{3BBF9496-2007-4E94-96C1-CC6BA959DB94}.Release|Any CPU.Build.0 = Release|Any CPU
	EndGlobalSection
EndGlobal
