
Microsoft Visual Studio Solution File, Format Version 12.00
Project("{FAE04EC0-301F-11D3-BF4B-00C04F79EFBC}") = "Work1", "Work1\Work1.csproj", "{3BBF9496-2007-4E94-96C1-CC6BA959DB94}"
EndProject
Project("{FAE04EC0-301F-11D3-BF4B-00C04F79EFBC}") = "Work2", "Work2\Work2.csproj", "{7D4B56C7-3CC3-4E0A-9531-23CA0893A3C6}"
EndProject
Project("{FAE04EC0-301F-11D3-BF4B-00C04F79EFBC}") = "Work3", "Work3\Work3.csproj", "{6189888C-1FA2-4F42-B1D0-95716CFBE777}"
EndProject
Project("{FAE04EC0-301F-11D3-BF4B-00C04F79EFBC}") = "Work4", "Work4\Work4.csproj", "{BBD74550-7DDE-4AC0-8062-AD1237D6250C}"
EndProject
Global
	GlobalSection(SolutionConfigurationPlatforms) = preSolution
		Debug|Any CPU = Debug|Any CPU
		Release|Any CPU = Release|Any CPU
	EndGlobalSection
	GlobalSection(ProjectConfigurationPlatforms) = postSolution
		{3BBF9496-2007-4E94-96C1-CC6BA959DB94}.Debug|Any CPU.ActiveCfg = Debug|Any CPU
		{3BBF9496-2007-4E94-96C1-CC6BA959DB94}.Debug|Any CPU.Build.0 = Debug|Any CPU
		{3BBF9496-2007-4E94-96C1-CC6BA959DB94}.Release|Any CPU.ActiveCfg = Release|Any CPU
		{3BBF9496-2007-4E94-96C1-CC6BA959DB94}.Release|Any CPU.Build.0 = Release|Any CPU
		{7D4B56C7-3CC3-4E0A-9531-23CA0893A3C6}.Debug|Any CPU.ActiveCfg = Debug|Any CPU
		{7D4B56C7-3CC3-4E0A-9531-23CA0893A3C6}.Debug|Any CPU.Build.0 = Debug|Any CPU
		{7D4B56C7-3CC3-4E0A-9531-23CA0893A3C6}.Release|Any CPU.ActiveCfg = Release|Any CPU
		{7D4B56C7-3CC3-4E0A-9531-23CA0893A3C6}.Release|Any CPU.Build.0 = Release|Any CPU
		{6189888C-1FA2-4F42-B1D0-95716CFBE777}.Debug|Any CPU.ActiveCfg = Debug|Any CPU
		{6189888C-1FA2-4F42-B1D0-95716CFBE777}.Debug|Any CPU.Build.0 = Debug|Any CPU
		{6189888C-1FA2-4F42-B1D0-95716CFBE777}.Release|Any CPU.ActiveCfg = Release|Any CPU
		{6189888C-1FA2-4F42-B1D0-95716CFBE777}.Release|Any CPU.Build.0 = Release|Any CPU
		{BBD74550-7DDE-4AC0-8062-AD1237D6250C}.Debug|Any CPU.ActiveCfg = Debug|Any CPU
		{BBD74550-7DDE-4AC0-8062-AD1237D6250C}.Debug|Any CPU.Build.0 = Debug|Any CPU
		{BBD74550-7DDE-4AC0-8062-AD1237D6250C}.Release|Any CPU.ActiveCfg = Release|Any CPU
		{BBD74550-7DDE-4AC0-8062-AD1237D6250C}.Release|Any CPU.Build.0 = Release|Any CPU
	EndGlobalSection
EndGlobal
